{
  "lockfileVersion": 1,
  "configVersion": 1,
  "workspaces": {
    "": {
      "name": "@aurelia/shared",
      "dependencies": {
        "@tanstack/vue-virtual": "^3.13.18",
        "@vueuse/core": "^14.1.0",
        "class-variance-authority": "^0.7.1",
        "clsx": "^2.1.1",
        "consola": "^3.4.2",
        "culori": "^4.0.2",
        "fuse.js": "^7.1.0",
        "lucide-vue-next": "^0.562.0",
        "overlayscrollbars": "^2.13.0",
        "overlayscrollbars-vue": "^0.5.9",
        "pinia": "^3.0.4",
        "reka-ui": "^2.7.0",
        "simple-icons": "^16.5.0",
        "sortablejs-vue3": "^1.3.0",
        "tailwind-merge": "^3.4.0",
        "tailwindcss": "^4.1.18",
        "uuid": "^13.0.0",
        "vue": "^3.5.26",
        "vue-router": "^4.6.4",
        "vue-sonner": "^2.0.9",
      },
      "devDependencies": {
        "@tauri-apps/api": "^2.6.0",
        "@tauri-apps/plugin-clipboard-manager": "^2.2.2",
        "@tauri-apps/plugin-opener": "^2.2.8",
        "@tauri-apps/plugin-os": "^2.2.4",
        "typescript": "~5.9.3",
      },
    },
  },
  "packages": {
    "@babel/helper-string-parser": ["@babel/helper-string-parser@7.27.1", "", {}, "sha512-qMlSxKbpRlAridDExk92nSobyDdpPijUq2DW6oDnUqd0iOGxmQjyqhMIihI9+zv4LPyZdRje2cavWPbCbWm3eA=="],

    "@babel/helper-validator-identifier": ["@babel/helper-validator-identifier@7.28.5", "", {}, "sha512-qSs4ifwzKJSV39ucNjsvc6WVHs6b7S03sOh2OcHF9UHfVPqWWALUsNUVzhSBiItjRZoLHx7nIarVjqKVusUZ1Q=="],

    "@babel/parser": ["@babel/parser@7.28.6", "", { "dependencies": { "@babel/types": "^7.28.6" }, "bin": "./bin/babel-parser.js" }, "sha512-TeR9zWR18BvbfPmGbLampPMW+uW1NZnJlRuuHso8i87QZNq2JRF9i6RgxRqtEq+wQGsS19NNTWr2duhnE49mfQ=="],

    "@babel/types": ["@babel/types@7.28.6", "", { "dependencies": { "@babel/helper-string-parser": "^7.27.1", "@babel/helper-validator-identifier": "^7.28.5" } }, "sha512-0ZrskXVEHSWIqZM/sQZ4EV3jZJXRkio/WCxaqKZP1g//CEWEPSfeZFcms4XeKBCHU0ZKnIkdJeU/kF+eRp5lBg=="],

    "@floating-ui/core": ["@floating-ui/core@1.7.4", "", { "dependencies": { "@floating-ui/utils": "^0.2.10" } }, "sha512-C3HlIdsBxszvm5McXlB8PeOEWfBhcGBTZGkGlWc2U0KFY5IwG5OQEuQ8rq52DZmcHDlPLd+YFBK+cZcytwIFWg=="],

    "@floating-ui/dom": ["@floating-ui/dom@1.7.5", "", { "dependencies": { "@floating-ui/core": "^1.7.4", "@floating-ui/utils": "^0.2.10" } }, "sha512-N0bD2kIPInNHUHehXhMke1rBGs1dwqvC9O9KYMyyjK7iXt7GAhnro7UlcuYcGdS/yYOlq0MAVgrow8IbWJwyqg=="],

    "@floating-ui/utils": ["@floating-ui/utils@0.2.10", "", {}, "sha512-aGTxbpbg8/b5JfU1HXSrbH3wXZuLPJcNEcZQFMxLs3oSzgtVu6nFPkbbGGUvBcUjKV2YyB9Wxxabo+HEH9tcRQ=="],

    "@floating-ui/vue": ["@floating-ui/vue@1.1.10", "", { "dependencies": { "@floating-ui/dom": "^1.7.5", "@floating-ui/utils": "^0.2.10", "vue-demi": ">=0.13.0" } }, "sha512-vdf8f6rHnFPPLRsmL4p12wYl+Ux4mOJOkjzKEMYVnwdf7UFdvBtHlLvQyx8iKG5vhPRbDRgZxdtpmyigDPjzYg=="],

    "@internationalized/date": ["@internationalized/date@3.10.1", "", { "dependencies": { "@swc/helpers": "^0.5.0" } }, "sha512-oJrXtQiAXLvT9clCf1K4kxp3eKsQhIaZqxEyowkBcsvZDdZkbWrVmnGknxs5flTD0VGsxrxKgBCZty1EzoiMzA=="],

    "@internationalized/number": ["@internationalized/number@3.6.5", "", { "dependencies": { "@swc/helpers": "^0.5.0" } }, "sha512-6hY4Kl4HPBvtfS62asS/R22JzNNy8vi/Ssev7x6EobfCp+9QIB2hKvI2EtbdJ0VSQacxVNtqhE/NmF/NZ0gm6g=="],

    "@jridgewell/sourcemap-codec": ["@jridgewell/sourcemap-codec@1.5.5", "", {}, "sha512-cYQ9310grqxueWbl+WuIUIaiUaDcj7WOq5fVhEljNVgRfOUhY9fy2zTvfoqWsnebh8Sl70VScFbICvJnLKB0Og=="],

    "@swc/helpers": ["@swc/helpers@0.5.18", "", { "dependencies": { "tslib": "^2.8.0" } }, "sha512-TXTnIcNJQEKwThMMqBXsZ4VGAza6bvN4pa41Rkqoio6QBKMvo+5lexeTMScGCIxtzgQJzElcvIltani+adC5PQ=="],

    "@tanstack/virtual-core": ["@tanstack/virtual-core@3.13.18", "", {}, "sha512-Mx86Hqu1k39icq2Zusq+Ey2J6dDWTjDvEv43PJtRCoEYTLyfaPnxIQ6iy7YAOK0NV/qOEmZQ/uCufrppZxTgcg=="],

    "@tanstack/vue-virtual": ["@tanstack/vue-virtual@3.13.18", "", { "dependencies": { "@tanstack/virtual-core": "3.13.18" }, "peerDependencies": { "vue": "^2.7.0 || ^3.0.0" } }, "sha512-6pT8HdHtTU5Z+t906cGdCroUNA5wHjFXsNss9gwk7QAr1VNZtz9IQCs2Nhx0gABK48c+OocHl2As+TMg8+Hy4A=="],

    "@tauri-apps/api": ["@tauri-apps/api@2.9.1", "", {}, "sha512-IGlhP6EivjXHepbBic618GOmiWe4URJiIeZFlB7x3czM0yDHHYviH1Xvoiv4FefdkQtn6v7TuwWCRfOGdnVUGw=="],

    "@tauri-apps/plugin-clipboard-manager": ["@tauri-apps/plugin-clipboard-manager@2.3.2", "", { "dependencies": { "@tauri-apps/api": "^2.8.0" } }, "sha512-CUlb5Hqi2oZbcZf4VUyUH53XWPPdtpw43EUpCza5HWZJwxEoDowFzNUDt1tRUXA8Uq+XPn17Ysfptip33sG4eQ=="],

    "@tauri-apps/plugin-opener": ["@tauri-apps/plugin-opener@2.5.3", "", { "dependencies": { "@tauri-apps/api": "^2.8.0" } }, "sha512-CCcUltXMOfUEArbf3db3kCE7Ggy1ExBEBl51Ko2ODJ6GDYHRp1nSNlQm5uNCFY5k7/ufaK5Ib3Du/Zir19IYQQ=="],

    "@tauri-apps/plugin-os": ["@tauri-apps/plugin-os@2.3.2", "", { "dependencies": { "@tauri-apps/api": "^2.8.0" } }, "sha512-n+nXWeuSeF9wcEsSPmRnBEGrRgOy6jjkSU+UVCOV8YUGKb2erhDOxis7IqRXiRVHhY8XMKks00BJ0OAdkpf6+A=="],

    "@types/web-bluetooth": ["@types/web-bluetooth@0.0.21", "", {}, "sha512-oIQLCGWtcFZy2JW77j9k8nHzAOpqMHLQejDA48XXMWH6tjCQHz5RCFz1bzsmROyL6PUm+LLnUiI4BCn221inxA=="],

    "@vue/compiler-core": ["@vue/compiler-core@3.5.27", "", { "dependencies": { "@babel/parser": "^7.28.5", "@vue/shared": "3.5.27", "entities": "^7.0.0", "estree-walker": "^2.0.2", "source-map-js": "^1.2.1" } }, "sha512-gnSBQjZA+//qDZen+6a2EdHqJ68Z7uybrMf3SPjEGgG4dicklwDVmMC1AeIHxtLVPT7sn6sH1KOO+tS6gwOUeQ=="],

    "@vue/compiler-dom": ["@vue/compiler-dom@3.5.27", "", { "dependencies": { "@vue/compiler-core": "3.5.27", "@vue/shared": "3.5.27" } }, "sha512-oAFea8dZgCtVVVTEC7fv3T5CbZW9BxpFzGGxC79xakTr6ooeEqmRuvQydIiDAkglZEAd09LgVf1RoDnL54fu5w=="],

    "@vue/compiler-sfc": ["@vue/compiler-sfc@3.5.27", "", { "dependencies": { "@babel/parser": "^7.28.5", "@vue/compiler-core": "3.5.27", "@vue/compiler-dom": "3.5.27", "@vue/compiler-ssr": "3.5.27", "@vue/shared": "3.5.27", "estree-walker": "^2.0.2", "magic-string": "^0.30.21", "postcss": "^8.5.6", "source-map-js": "^1.2.1" } }, "sha512-sHZu9QyDPeDmN/MRoshhggVOWE5WlGFStKFwu8G52swATgSny27hJRWteKDSUUzUH+wp+bmeNbhJnEAel/auUQ=="],

    "@vue/compiler-ssr": ["@vue/compiler-ssr@3.5.27", "", { "dependencies": { "@vue/compiler-dom": "3.5.27", "@vue/shared": "3.5.27" } }, "sha512-Sj7h+JHt512fV1cTxKlYhg7qxBvack+BGncSpH+8vnN+KN95iPIcqB5rsbblX40XorP+ilO7VIKlkuu3Xq2vjw=="],

    "@vue/devtools-api": ["@vue/devtools-api@7.7.9", "", { "dependencies": { "@vue/devtools-kit": "^7.7.9" } }, "sha512-kIE8wvwlcZ6TJTbNeU2HQNtaxLx3a84aotTITUuL/4bzfPxzajGBOoqjMhwZJ8L9qFYDU/lAYMEEm11dnZOD6g=="],

    "@vue/devtools-kit": ["@vue/devtools-kit@7.7.9", "", { "dependencies": { "@vue/devtools-shared": "^7.7.9", "birpc": "^2.3.0", "hookable": "^5.5.3", "mitt": "^3.0.1", "perfect-debounce": "^1.0.0", "speakingurl": "^14.0.1", "superjson": "^2.2.2" } }, "sha512-PyQ6odHSgiDVd4hnTP+aDk2X4gl2HmLDfiyEnn3/oV+ckFDuswRs4IbBT7vacMuGdwY/XemxBoh302ctbsptuA=="],

    "@vue/devtools-shared": ["@vue/devtools-shared@7.7.9", "", { "dependencies": { "rfdc": "^1.4.1" } }, "sha512-iWAb0v2WYf0QWmxCGy0seZNDPdO3Sp5+u78ORnyeonS6MT4PC7VPrryX2BpMJrwlDeaZ6BD4vP4XKjK0SZqaeA=="],

    "@vue/reactivity": ["@vue/reactivity@3.5.27", "", { "dependencies": { "@vue/shared": "3.5.27" } }, "sha512-vvorxn2KXfJ0nBEnj4GYshSgsyMNFnIQah/wczXlsNXt+ijhugmW+PpJ2cNPe4V6jpnBcs0MhCODKllWG+nvoQ=="],

    "@vue/runtime-core": ["@vue/runtime-core@3.5.27", "", { "dependencies": { "@vue/reactivity": "3.5.27", "@vue/shared": "3.5.27" } }, "sha512-fxVuX/fzgzeMPn/CLQecWeDIFNt3gQVhxM0rW02Tvp/YmZfXQgcTXlakq7IMutuZ/+Ogbn+K0oct9J3JZfyk3A=="],

    "@vue/runtime-dom": ["@vue/runtime-dom@3.5.27", "", { "dependencies": { "@vue/reactivity": "3.5.27", "@vue/runtime-core": "3.5.27", "@vue/shared": "3.5.27", "csstype": "^3.2.3" } }, "sha512-/QnLslQgYqSJ5aUmb5F0z0caZPGHRB8LEAQ1s81vHFM5CBfnun63rxhvE/scVb/j3TbBuoZwkJyiLCkBluMpeg=="],

    "@vue/server-renderer": ["@vue/server-renderer@3.5.27", "", { "dependencies": { "@vue/compiler-ssr": "3.5.27", "@vue/shared": "3.5.27" }, "peerDependencies": { "vue": "3.5.27" } }, "sha512-qOz/5thjeP1vAFc4+BY3Nr6wxyLhpeQgAE/8dDtKo6a6xdk+L4W46HDZgNmLOBUDEkFXV3G7pRiUqxjX0/2zWA=="],

    "@vue/shared": ["@vue/shared@3.5.27", "", {}, "sha512-dXr/3CgqXsJkZ0n9F3I4elY8wM9jMJpP3pvRG52r6m0tu/MsAFIe6JpXVGeNMd/D9F4hQynWT8Rfuj0bdm9kFQ=="],

    "@vueuse/core": ["@vueuse/core@14.1.0", "", { "dependencies": { "@types/web-bluetooth": "^0.0.21", "@vueuse/metadata": "14.1.0", "@vueuse/shared": "14.1.0" }, "peerDependencies": { "vue": "^3.5.0" } }, "sha512-rgBinKs07hAYyPF834mDTigH7BtPqvZ3Pryuzt1SD/lg5wEcWqvwzXXYGEDb2/cP0Sj5zSvHl3WkmMELr5kfWw=="],

    "@vueuse/metadata": ["@vueuse/metadata@14.1.0", "", {}, "sha512-7hK4g015rWn2PhKcZ99NyT+ZD9sbwm7SGvp7k+k+rKGWnLjS/oQozoIZzWfCewSUeBmnJkIb+CNr7Zc/EyRnnA=="],

    "@vueuse/shared": ["@vueuse/shared@14.1.0", "", { "peerDependencies": { "vue": "^3.5.0" } }, "sha512-EcKxtYvn6gx1F8z9J5/rsg3+lTQnvOruQd8fUecW99DCK04BkWD7z5KQ/wTAx+DazyoEE9dJt/zV8OIEQbM6kw=="],

    "aria-hidden": ["aria-hidden@1.2.6", "", { "dependencies": { "tslib": "^2.0.0" } }, "sha512-ik3ZgC9dY/lYVVM++OISsaYDeg1tb0VtP5uL3ouh1koGOaUMDPpbFIei4JkFimWUFPn90sbMNMXQAIVOlnYKJA=="],

    "birpc": ["birpc@2.9.0", "", {}, "sha512-KrayHS5pBi69Xi9JmvoqrIgYGDkD6mcSe/i6YKi3w5kekCLzrX4+nawcXqrj2tIp50Kw/mT/s3p+GVK0A0sKxw=="],

    "class-variance-authority": ["class-variance-authority@0.7.1", "", { "dependencies": { "clsx": "^2.1.1" } }, "sha512-Ka+9Trutv7G8M6WT6SeiRWz792K5qEqIGEGzXKhAE6xOWAY6pPH8U+9IY3oCMv6kqTmLsv7Xh/2w2RigkePMsg=="],

    "clsx": ["clsx@2.1.1", "", {}, "sha512-eYm0QWBtUrBWZWG0d386OGAw16Z995PiOVo2B7bjWSbHedGl5e0ZWaq65kOGgUSNesEIDkB9ISbTg/JK9dhCZA=="],

    "consola": ["consola@3.4.2", "", {}, "sha512-5IKcdX0nnYavi6G7TtOhwkYzyjfJlatbjMjuLSfE2kYT5pMDOilZ4OvMhi637CcDICTmz3wARPoyhqyX1Y+XvA=="],

    "copy-anything": ["copy-anything@4.0.5", "", { "dependencies": { "is-what": "^5.2.0" } }, "sha512-7Vv6asjS4gMOuILabD3l739tsaxFQmC+a7pLZm02zyvs8p977bL3zEgq3yDk5rn9B0PbYgIv++jmHcuUab4RhA=="],

    "csstype": ["csstype@3.2.3", "", {}, "sha512-z1HGKcYy2xA8AGQfwrn0PAy+PB7X/GSj3UVJW9qKyn43xWa+gl5nXmU4qqLMRzWVLFC8KusUX8T/0kCiOYpAIQ=="],

    "culori": ["culori@4.0.2", "", {}, "sha512-1+BhOB8ahCn4O0cep0Sh2l9KCOfOdY+BXJnKMHFFzDEouSr/el18QwXEMRlOj9UY5nCeA8UN3a/82rUWRBeyBw=="],

    "defu": ["defu@6.1.4", "", {}, "sha512-mEQCMmwJu317oSz8CwdIOdwf3xMif1ttiM8LTufzc3g6kR+9Pe236twL8j3IYT1F7GfRgGcW6MWxzZjLIkuHIg=="],

    "entities": ["entities@7.0.1", "", {}, "sha512-TWrgLOFUQTH994YUyl1yT4uyavY5nNB5muff+RtWaqNVCAK408b5ZnnbNAUEWLTCpum9w6arT70i1XdQ4UeOPA=="],

    "estree-walker": ["estree-walker@2.0.2", "", {}, "sha512-Rfkk/Mp/DL7JVje3u18FxFujQlTNR2q6QfMSMB7AvCBx91NGj/ba3kCfza0f6dVDbw7YlRf/nDrn7pQrCCyQ/w=="],

    "fuse.js": ["fuse.js@7.1.0", "", {}, "sha512-trLf4SzuuUxfusZADLINj+dE8clK1frKdmqiJNb1Es75fmI5oY6X2mxLVUciLLjxqw/xr72Dhy+lER6dGd02FQ=="],

    "hookable": ["hookable@5.5.3", "", {}, "sha512-Yc+BQe8SvoXH1643Qez1zqLRmbA5rCL+sSmk6TVos0LWVfNIB7PGncdlId77WzLGSIB5KaWgTaNTs2lNVEI6VQ=="],

    "is-what": ["is-what@5.5.0", "", {}, "sha512-oG7cgbmg5kLYae2N5IVd3jm2s+vldjxJzK1pcu9LfpGuQ93MQSzo0okvRna+7y5ifrD+20FE8FvjusyGaz14fw=="],

    "lucide-vue-next": ["lucide-vue-next@0.562.0", "", { "peerDependencies": { "vue": ">=3.0.1" } }, "sha512-LN0BLGKMFulv0lnfK29r14DcngRUhIqdcaL0zXTt2o0oS9odlrjCGaU3/X9hIihOjjN8l8e+Y9G/famcNYaI7Q=="],

    "magic-string": ["magic-string@0.30.21", "", { "dependencies": { "@jridgewell/sourcemap-codec": "^1.5.5" } }, "sha512-vd2F4YUyEXKGcLHoq+TEyCjxueSeHnFxyyjNp80yg0XV4vUhnDer/lvvlqM/arB5bXQN5K2/3oinyCRyx8T2CQ=="],

    "mitt": ["mitt@3.0.1", "", {}, "sha512-vKivATfr97l2/QBCYAkXYDbrIWPM2IIKEl7YPhjCvKlG3kE2gm+uBo6nEXK3M5/Ffh/FLpKExzOQ3JJoJGFKBw=="],

    "nanoid": ["nanoid@3.3.11", "", { "bin": { "nanoid": "bin/nanoid.cjs" } }, "sha512-N8SpfPUnUp1bK+PMYW8qSWdl9U+wwNWI4QKxOYDy9JAro3WMX7p2OeVRF9v+347pnakNevPmiHhNmZ2HbFA76w=="],

    "ohash": ["ohash@2.0.11", "", {}, "sha512-RdR9FQrFwNBNXAr4GixM8YaRZRJ5PUWbKYbE5eOsrwAjJW0q2REGcf79oYPsLyskQCZG1PLN+S/K1V00joZAoQ=="],

    "overlayscrollbars": ["overlayscrollbars@2.14.0", "", {}, "sha512-RjV0pqc79kYhQLC3vTcLRb5GLpI1n6qh0Oua3g+bGH4EgNOJHVBGP7u0zZtxoAa0dkHlAqTTSYRb9MMmxNLjig=="],

    "overlayscrollbars-vue": ["overlayscrollbars-vue@0.5.9", "", { "peerDependencies": { "overlayscrollbars": "^2.0.0", "vue": "^3.2.25" } }, "sha512-zZEcsb6llnKaRwXTP44E4RrmwuH+eAi70mgCdiiPwcPBE2H99Vs2V0q7sWnEanqU3462ch38e4SmIMnuH906DQ=="],

    "perfect-debounce": ["perfect-debounce@1.0.0", "", {}, "sha512-xCy9V055GLEqoFaHoC1SoLIaLmWctgCUaBaWxDZ7/Zx4CTyX7cJQLJOok/orfjZAh9kEYpjJa4d0KcJmCbctZA=="],

    "picocolors": ["picocolors@1.1.1", "", {}, "sha512-xceH2snhtb5M9liqDsmEw56le376mTZkEX/jEb/RxNFyegNul7eNslCXP9FDj/Lcu0X8KEyMceP2ntpaHrDEVA=="],

    "pinia": ["pinia@3.0.4", "", { "dependencies": { "@vue/devtools-api": "^7.7.7" }, "peerDependencies": { "typescript": ">=4.5.0", "vue": "^3.5.11" }, "optionalPeers": ["typescript"] }, "sha512-l7pqLUFTI/+ESXn6k3nu30ZIzW5E2WZF/LaHJEpoq6ElcLD+wduZoB2kBN19du6K/4FDpPMazY2wJr+IndBtQw=="],

    "postcss": ["postcss@8.5.6", "", { "dependencies": { "nanoid": "^3.3.11", "picocolors": "^1.1.1", "source-map-js": "^1.2.1" } }, "sha512-3Ybi1tAuwAP9s0r1UQ2J4n5Y0G05bJkpUIO0/bI9MhwmD70S5aTWbXGBwxHrelT+XM1k6dM0pk+SwNkpTRN7Pg=="],

    "reka-ui": ["reka-ui@2.8.0", "", { "dependencies": { "@floating-ui/dom": "^1.6.13", "@floating-ui/vue": "^1.1.6", "@internationalized/date": "^3.5.0", "@internationalized/number": "^3.5.0", "@tanstack/vue-virtual": "^3.12.0", "@vueuse/core": "^14.1.0", "@vueuse/shared": "^14.1.0", "aria-hidden": "^1.2.4", "defu": "^6.1.4", "ohash": "^2.0.11" }, "peerDependencies": { "vue": ">= 3.2.0" } }, "sha512-N4JOyIrmDE7w2i06WytqcV2QICubtS2PsK5Uo8FIMAgmO13KhUAgAByP26cXjjm2oF/w7rTyRs8YaqtvaBT+SA=="],

    "rfdc": ["rfdc@1.4.1", "", {}, "sha512-q1b3N5QkRUWUl7iyylaaj3kOpIT0N2i9MqIEQXP73GVsN9cw3fdx8X63cEmWhJGi2PPCF23Ijp7ktmd39rawIA=="],

    "simple-icons": ["simple-icons@16.6.1", "", {}, "sha512-zg3g5RCnc3cJfxCclOvElfow2rtpeB+Ow/dj1uvGG3MkpT7OjPBrE2hotqW2Hmt2ZYbuXCx2u+Oh4yi5N+yg5Q=="],

    "sortablejs": ["sortablejs@1.15.6", "", {}, "sha512-aNfiuwMEpfBM/CN6LY0ibyhxPfPbyFeBTYJKCvzkJ2GkUpazIt3H+QIPAMHwqQ7tMKaHz1Qj+rJJCqljnf4p3A=="],

    "sortablejs-vue3": ["sortablejs-vue3@1.3.0", "", { "dependencies": { "sortablejs": "^1.15.0", "vue": "^3.3.7" } }, "sha512-71vrhfinoYEOWfpbFJUgYJNXJwMhqGgk4BLustx3WNWR1SoPgd+ZD8fZABacvDJV2e2CZo5RJtfGdnsiZL1blQ=="],

    "source-map-js": ["source-map-js@1.2.1", "", {}, "sha512-UXWMKhLOwVKb728IUtQPXxfYU+usdybtUrK/8uGE8CQMvrhOpwvzDBwj0QhSL7MQc7vIsISBG8VQ8+IDQxpfQA=="],

    "speakingurl": ["speakingurl@14.0.1", "", {}, "sha512-1POYv7uv2gXoyGFpBCmpDVSNV74IfsWlDW216UPjbWufNf+bSU6GdbDsxdcxtfwb4xlI3yxzOTKClUosxARYrQ=="],

    "superjson": ["superjson@2.2.6", "", { "dependencies": { "copy-anything": "^4" } }, "sha512-H+ue8Zo4vJmV2nRjpx86P35lzwDT3nItnIsocgumgr0hHMQ+ZGq5vrERg9kJBo5AWGmxZDhzDo+WVIJqkB0cGA=="],

    "tailwind-merge": ["tailwind-merge@3.4.0", "", {}, "sha512-uSaO4gnW+b3Y2aWoWfFpX62vn2sR3skfhbjsEnaBI81WD1wBLlHZe5sWf0AqjksNdYTbGBEd0UasQMT3SNV15g=="],

    "tailwindcss": ["tailwindcss@4.1.18", "", {}, "sha512-4+Z+0yiYyEtUVCScyfHCxOYP06L5Ne+JiHhY2IjR2KWMIWhJOYZKLSGZaP5HkZ8+bY0cxfzwDE5uOmzFXyIwxw=="],

    "tslib": ["tslib@2.8.1", "", {}, "sha512-oJFu94HQb+KVduSUQL7wnpmqnfmLsOA/nAh6b6EH0wCEoK0/mPeXU6c3wKDV83MkOuHPRHtSXKKU99IBazS/2w=="],

    "typescript": ["typescript@5.9.3", "", { "bin": { "tsc": "bin/tsc", "tsserver": "bin/tsserver" } }, "sha512-jl1vZzPDinLr9eUt3J/t7V6FgNEw9QjvBPdysz9KfQDD41fQrC2Y4vKQdiaUpFT4bXlb1RHhLpp8wtm6M5TgSw=="],

    "uuid": ["uuid@13.0.0", "", { "bin": { "uuid": "dist-node/bin/uuid" } }, "sha512-XQegIaBTVUjSHliKqcnFqYypAd4S+WCYt5NIeRs6w/UAry7z8Y9j5ZwRRL4kzq9U3sD6v+85er9FvkEaBpji2w=="],

    "vue": ["vue@3.5.27", "", { "dependencies": { "@vue/compiler-dom": "3.5.27", "@vue/compiler-sfc": "3.5.27", "@vue/runtime-dom": "3.5.27", "@vue/server-renderer": "3.5.27", "@vue/shared": "3.5.27" }, "peerDependencies": { "typescript": "*" }, "optionalPeers": ["typescript"] }, "sha512-aJ/UtoEyFySPBGarREmN4z6qNKpbEguYHMmXSiOGk69czc+zhs0NF6tEFrY8TZKAl8N/LYAkd4JHVd5E/AsSmw=="],

    "vue-demi": ["vue-demi@0.14.10", "", { "peerDependencies": { "@vue/composition-api": "^1.0.0-rc.1", "vue": "^3.0.0-0 || ^2.6.0" }, "optionalPeers": ["@vue/composition-api"], "bin": { "vue-demi-fix": "bin/vue-demi-fix.js", "vue-demi-switch": "bin/vue-demi-switch.js" } }, "sha512-nMZBOwuzabUO0nLgIcc6rycZEebF6eeUfaiQx9+WSk8e29IbLvPU9feI6tqW4kTo3hvoYAJkMh8n8D0fuISphg=="],

    "vue-router": ["vue-router@4.6.4", "", { "dependencies": { "@vue/devtools-api": "^6.6.4" }, "peerDependencies": { "vue": "^3.5.0" } }, "sha512-Hz9q5sa33Yhduglwz6g9skT8OBPii+4bFn88w6J+J4MfEo4KRRpmiNG/hHHkdbRFlLBOqxN8y8gf2Fb0MTUgVg=="],

    "vue-sonner": ["vue-sonner@2.0.9", "", { "peerDependencies": { "@nuxt/kit": "^4.0.3", "@nuxt/schema": "^4.0.3", "nuxt": "^4.0.3" }, "optionalPeers": ["@nuxt/kit", "@nuxt/schema", "nuxt"] }, "sha512-i6BokNlNDL93fpzNxN/LZSn6D6MzlO+i3qXt6iVZne3x1k7R46d5HlFB4P8tYydhgqOrRbIZEsnRd3kG7qGXyw=="],

    "vue-router/@vue/devtools-api": ["@vue/devtools-api@6.6.4", "", {}, "sha512-sGhTPMuXqZ1rVOk32RylztWkfXTRhuS7vgAKv0zjqk8gbsHkJ7xfFf+jbySxt7tWObEJwyKaHMikV/WGDiQm8g=="],
  }
}
