// !$*UTF8*$!
{
	archiveVersion = 1;
	classes = {
	};
	objectVersion = 77;
	objects = {

/* Begin PBXBuildFile section */
		188A383C0C68E93A88F21186 /* SessionStore.swift in Sources */ = {isa = PBXBuildFile; fileRef = 1CFF89724E38DCA540C00DBA /* SessionStore.swift */; };
		1DBA8078794C68FE60D34EC2 /* CachedImageView.swift in Sources */ = {isa = PBXBuildFile; fileRef = BB3F2266E861D4081644D69B /* CachedImageView.swift */; };
		220680A4C40CB413E28566C6 /* AppViewModel.swift in Sources */ = {isa = PBXBuildFile; fileRef = 4F55CBAD92A501C80EEB2FC4 /* AppViewModel.swift */; };
		252809A698AEE7FA3A427656 /* SettingsView.swift in Sources */ = {isa = PBXBuildFile; fileRef = DCA5CE2D194A39A520A080DF /* SettingsView.swift */; };
		256151A2119FE6A456D55203 /* FeaturedHeroView.swift in Sources */ = {isa = PBXBuildFile; fileRef = 2EDB76B1F92BD192FAB61FF7 /* FeaturedHeroView.swift */; };
		268B3D4276C2BAB46BC4232E /* LoginViewModel.swift in Sources */ = {isa = PBXBuildFile; fileRef = BCDEF05B547D73FE06419975 /* LoginViewModel.swift */; };
		2B0ABC2A0729091B45D1E106 /* LibraryView.swift in Sources */ = {isa = PBXBuildFile; fileRef = E23EC8415B644B001F2FCD88 /* LibraryView.swift */; };
		2B8C3DA8BDA90EA0ED8F3644 /* HomeView.swift in Sources */ = {isa = PBXBuildFile; fileRef = 385A3975D7ED997609763FCE /* HomeView.swift */; };
		2C6BC3708A65B5ECB54CACE0 /* PlaylistsView.swift in Sources */ = {isa = PBXBuildFile; fileRef = 79373D54BD9301D354FEC34F /* PlaylistsView.swift */; };
		334D72832568116594B791C4 /* AudioPlayerController.swift in Sources */ = {isa = PBXBuildFile; fileRef = 7FFC9C0E47F23FEF2E8A07E8 /* AudioPlayerController.swift */; };
		39631FA7159FFE1EA0B48467 /* MainNavigation.swift in Sources */ = {isa = PBXBuildFile; fileRef = 7A4B3C910D6D160CE7CA9E1F /* MainNavigation.swift */; };
		3D0CFC05715034A66052700B /* SettingsViewModel.swift in Sources */ = {isa = PBXBuildFile; fileRef = 603A839B006503BFDCFAA4CE /* SettingsViewModel.swift */; };
		454CD341CCEB270EE8A1D98C /* TimeFormatterTests.swift in Sources */ = {isa = PBXBuildFile; fileRef = 41F8577B288514FA76444FAB /* TimeFormatterTests.swift */; };
		4BDF061F9784252FFAFCF4C7 /* AureliaStyle.swift in Sources */ = {isa = PBXBuildFile; fileRef = 1E9FD5C5FD076F6AAC0C0D73 /* AureliaStyle.swift */; };
		4E2F053CE6CBF87138F48F41 /* AppModels.swift in Sources */ = {isa = PBXBuildFile; fileRef = E1322AD9804BEAF8ED518782 /* AppModels.swift */; };
		58C98D935DC89ADFAB883950 /* ImageCache.swift in Sources */ = {isa = PBXBuildFile; fileRef = 50D9581E81DB3E5E80925538 /* ImageCache.swift */; };
		5921AE698CA6EE6FB3108120 /* ArtistsView.swift in Sources */ = {isa = PBXBuildFile; fileRef = D4018B3AF32697CC5BCC404F /* ArtistsView.swift */; };
		5BA3088294FF661069C9A9F3 /* HomeViewModel.swift in Sources */ = {isa = PBXBuildFile; fileRef = A05986F9569279625061860F /* HomeViewModel.swift */; };
		643636D86EEC721BF3EA45A8 /* PlaylistDetailView.swift in Sources */ = {isa = PBXBuildFile; fileRef = 3A1B4E9F7F3D6C68F604CD68 /* PlaylistDetailView.swift */; };
		6B9CD900D48344426B9B7CA4 /* TimeFormatter.swift in Sources */ = {isa = PBXBuildFile; fileRef = 06B14BF9D926F497EA5E5EA1 /* TimeFormatter.swift */; };
		6DB443D9BD1987036B6EF958 /* AlbumArtView.swift in Sources */ = {isa = PBXBuildFile; fileRef = C70BDC28E968381C6570BB51 /* AlbumArtView.swift */; };
		73C424E41ABC39F4DFAA262D /* AureliaCore in Frameworks */ = {isa = PBXBuildFile; productRef = B87ADF1FA423E8FB1A04D4A3 /* AureliaCore */; };
		7A5E2EED34BDD93389F6EB42 /* AuthInterceptor.swift in Sources */ = {isa = PBXBuildFile; fileRef = 07E1FFD2BA5CE2D865761195 /* AuthInterceptor.swift */; };
		850169FC385638FEFF5C3072 /* MainView.swift in Sources */ = {isa = PBXBuildFile; fileRef = FFB426A4520EE9238A92CA4F /* MainView.swift */; };
		8ACF22D01E7B51F3DDED1853 /* SongRow.swift in Sources */ = {isa = PBXBuildFile; fileRef = 755697352AE1BB0A81AB4627 /* SongRow.swift */; };
		8D75D511227ED07ABE00CCF6 /* AlbumsView.swift in Sources */ = {isa = PBXBuildFile; fileRef = 233FE0102F32633AFA9C83F4 /* AlbumsView.swift */; };
		8E6BB609F1A18B741371A99F /* MiniPlayerView.swift in Sources */ = {isa = PBXBuildFile; fileRef = 53740B0006B97C545F6C8DA1 /* MiniPlayerView.swift */; };
		9EB03097D681FBD6C3C0B166 /* ArtistDetailView.swift in Sources */ = {isa = PBXBuildFile; fileRef = 01B263C0B06751EC45322FE5 /* ArtistDetailView.swift */; };
		AE82EFB97A0D29855631912F /* LibraryViewModel.swift in Sources */ = {isa = PBXBuildFile; fileRef = DA6904B349619346DE995032 /* LibraryViewModel.swift */; };
		B85B5ECB557959EE50E09DE3 /* AureliaMacApp.swift in Sources */ = {isa = PBXBuildFile; fileRef = 419653442CCA2D9DEFA34A83 /* AureliaMacApp.swift */; };
		B94427E47BB09FE5B87966D1 /* SearchView.swift in Sources */ = {isa = PBXBuildFile; fileRef = A919FEB6B1450B58AF92027E /* SearchView.swift */; };
		CAAE2089E8422420969657CA /* PlaylistViewModel.swift in Sources */ = {isa = PBXBuildFile; fileRef = 47DC5D348F02C3E504745A9E /* PlaylistViewModel.swift */; };
		CB34493237D4B1849BE0C338 /* AlbumDetailView.swift in Sources */ = {isa = PBXBuildFile; fileRef = ECA7DB03C31F83F2B6BAB07B /* AlbumDetailView.swift */; };
		DDEB9C013B94F7A0D3D1F160 /* LoginView.swift in Sources */ = {isa = PBXBuildFile; fileRef = 24A9F7E2559B7CC21F82A17E /* LoginView.swift */; };
/* End PBXBuildFile section */

/* Begin PBXContainerItemProxy section */
		DA3FF115C0BA154740F10633 /* PBXContainerItemProxy */ = {
			isa = PBXContainerItemProxy;
			containerPortal = 1BCC71870D314F8008A35EDA /* Project object */;
			proxyType = 1;
			remoteGlobalIDString = BBF3F6745FE9CC82094C1783;
			remoteInfo = AureliaMac;
		};
/* End PBXContainerItemProxy section */

/* Begin PBXFileReference section */
		01B263C0B06751EC45322FE5 /* ArtistDetailView.swift */ = {isa = PBXFileReference; lastKnownFileType = sourcecode.swift; path = ArtistDetailView.swift; sourceTree = "<group>"; };
		06B14BF9D926F497EA5E5EA1 /* TimeFormatter.swift */ = {isa = PBXFileReference; lastKnownFileType = sourcecode.swift; path = TimeFormatter.swift; sourceTree = "<group>"; };
		07E1FFD2BA5CE2D865761195 /* AuthInterceptor.swift */ = {isa = PBXFileReference; lastKnownFileType = sourcecode.swift; path = AuthInterceptor.swift; sourceTree = "<group>"; };
		1CFF89724E38DCA540C00DBA /* SessionStore.swift */ = {isa = PBXFileReference; lastKnownFileType = sourcecode.swift; path = SessionStore.swift; sourceTree = "<group>"; };
		1E9FD5C5FD076F6AAC0C0D73 /* AureliaStyle.swift */ = {isa = PBXFileReference; lastKnownFileType = sourcecode.swift; path = AureliaStyle.swift; sourceTree = "<group>"; };
		233FE0102F32633AFA9C83F4 /* AlbumsView.swift */ = {isa = PBXFileReference; lastKnownFileType = sourcecode.swift; path = AlbumsView.swift; sourceTree = "<group>"; };
		24A9F7E2559B7CC21F82A17E /* LoginView.swift */ = {isa = PBXFileReference; lastKnownFileType = sourcecode.swift; path = LoginView.swift; sourceTree = "<group>"; };
		2EDB76B1F92BD192FAB61FF7 /* FeaturedHeroView.swift */ = {isa = PBXFileReference; lastKnownFileType = sourcecode.swift; path = FeaturedHeroView.swift; sourceTree = "<group>"; };
		385A3975D7ED997609763FCE /* HomeView.swift */ = {isa = PBXFileReference; lastKnownFileType = sourcecode.swift; path = HomeView.swift; sourceTree = "<group>"; };
		3A1B4E9F7F3D6C68F604CD68 /* PlaylistDetailView.swift */ = {isa = PBXFileReference; lastKnownFileType = sourcecode.swift; path = PlaylistDetailView.swift; sourceTree = "<group>"; };
		419653442CCA2D9DEFA34A83 /* AureliaMacApp.swift */ = {isa = PBXFileReference; lastKnownFileType = sourcecode.swift; path = AureliaMacApp.swift; sourceTree = "<group>"; };
		41F8577B288514FA76444FAB /* TimeFormatterTests.swift */ = {isa = PBXFileReference; lastKnownFileType = sourcecode.swift; path = TimeFormatterTests.swift; sourceTree = "<group>"; };
		47DC5D348F02C3E504745A9E /* PlaylistViewModel.swift */ = {isa = PBXFileReference; lastKnownFileType = sourcecode.swift; path = PlaylistViewModel.swift; sourceTree = "<group>"; };
		4F55CBAD92A501C80EEB2FC4 /* AppViewModel.swift */ = {isa = PBXFileReference; lastKnownFileType = sourcecode.swift; path = AppViewModel.swift; sourceTree = "<group>"; };
		50D9581E81DB3E5E80925538 /* ImageCache.swift */ = {isa = PBXFileReference; lastKnownFileType = sourcecode.swift; path = ImageCache.swift; sourceTree = "<group>"; };
		53740B0006B97C545F6C8DA1 /* MiniPlayerView.swift */ = {isa = PBXFileReference; lastKnownFileType = sourcecode.swift; path = MiniPlayerView.swift; sourceTree = "<group>"; };
		603A839B006503BFDCFAA4CE /* SettingsViewModel.swift */ = {isa = PBXFileReference; lastKnownFileType = sourcecode.swift; path = SettingsViewModel.swift; sourceTree = "<group>"; };
		630A4EC5769797813D99A64C /* AureliaMac.app */ = {isa = PBXFileReference; explicitFileType = wrapper.application; includeInIndex = 0; path = AureliaMac.app; sourceTree = BUILT_PRODUCTS_DIR; };
		755697352AE1BB0A81AB4627 /* SongRow.swift */ = {isa = PBXFileReference; lastKnownFileType = sourcecode.swift; path = SongRow.swift; sourceTree = "<group>"; };
		79373D54BD9301D354FEC34F /* PlaylistsView.swift */ = {isa = PBXFileReference; lastKnownFileType = sourcecode.swift; path = PlaylistsView.swift; sourceTree = "<group>"; };
		7A4B3C910D6D160CE7CA9E1F /* MainNavigation.swift */ = {isa = PBXFileReference; lastKnownFileType = sourcecode.swift; path = MainNavigation.swift; sourceTree = "<group>"; };
		7B62F657246C5A736D02C55D /* AureliaCore */ = {isa = PBXFileReference; lastKnownFileType = folder; name = AureliaCore; path = ../../mobile/ios/AureliaCore; sourceTree = SOURCE_ROOT; };
		7F4C6BB547B21D88F921F80B /* Info.plist */ = {isa = PBXFileReference; lastKnownFileType = text.plist; path = Info.plist; sourceTree = "<group>"; };
		7FFC9C0E47F23FEF2E8A07E8 /* AudioPlayerController.swift */ = {isa = PBXFileReference; lastKnownFileType = sourcecode.swift; path = AudioPlayerController.swift; sourceTree = "<group>"; };
		83680885E12ACB2E1BC9DCD4 /* AureliaMacTests.xctest */ = {isa = PBXFileReference; explicitFileType = wrapper.cfbundle; includeInIndex = 0; path = AureliaMacTests.xctest; sourceTree = BUILT_PRODUCTS_DIR; };
		A05986F9569279625061860F /* HomeViewModel.swift */ = {isa = PBXFileReference; lastKnownFileType = sourcecode.swift; path = HomeViewModel.swift; sourceTree = "<group>"; };
		A919FEB6B1450B58AF92027E /* SearchView.swift */ = {isa = PBXFileReference; lastKnownFileType = sourcecode.swift; path = SearchView.swift; sourceTree = "<group>"; };
		BB3F2266E861D4081644D69B /* CachedImageView.swift */ = {isa = PBXFileReference; lastKnownFileType = sourcecode.swift; path = CachedImageView.swift; sourceTree = "<group>"; };
		BCDEF05B547D73FE06419975 /* LoginViewModel.swift */ = {isa = PBXFileReference; lastKnownFileType = sourcecode.swift; path = LoginViewModel.swift; sourceTree = "<group>"; };
		C70BDC28E968381C6570BB51 /* AlbumArtView.swift */ = {isa = PBXFileReference; lastKnownFileType = sourcecode.swift; path = AlbumArtView.swift; sourceTree = "<group>"; };
		D4018B3AF32697CC5BCC404F /* ArtistsView.swift */ = {isa = PBXFileReference; lastKnownFileType = sourcecode.swift; path = ArtistsView.swift; sourceTree = "<group>"; };
		DA6904B349619346DE995032 /* LibraryViewModel.swift */ = {isa = PBXFileReference; lastKnownFileType = sourcecode.swift; path = LibraryViewModel.swift; sourceTree = "<group>"; };
		DCA5CE2D194A39A520A080DF /* SettingsView.swift */ = {isa = PBXFileReference; lastKnownFileType = sourcecode.swift; path = SettingsView.swift; sourceTree = "<group>"; };
		E1322AD9804BEAF8ED518782 /* AppModels.swift */ = {isa = PBXFileReference; lastKnownFileType = sourcecode.swift; path = AppModels.swift; sourceTree = "<group>"; };
		E23EC8415B644B001F2FCD88 /* LibraryView.swift */ = {isa = PBXFileReference; lastKnownFileType = sourcecode.swift; path = LibraryView.swift; sourceTree = "<group>"; };
		ECA7DB03C31F83F2B6BAB07B /* AlbumDetailView.swift */ = {isa = PBXFileReference; lastKnownFileType = sourcecode.swift; path = AlbumDetailView.swift; sourceTree = "<group>"; };
		FFB426A4520EE9238A92CA4F /* MainView.swift */ = {isa = PBXFileReference; lastKnownFileType = sourcecode.swift; path = MainView.swift; sourceTree = "<group>"; };
/* End PBXFileReference section */

/* Begin PBXFrameworksBuildPhase section */
		F44CC9146A25F4F5E85E55B8 /* Frameworks */ = {
			isa = PBXFrameworksBuildPhase;
			buildActionMask = 2147483647;
			files = (
				73C424E41ABC39F4DFAA262D /* AureliaCore in Frameworks */,
			);
			runOnlyForDeploymentPostprocessing = 0;
		};
/* End PBXFrameworksBuildPhase section */

/* Begin PBXGroup section */
		051BA9CD46099B2BF68610AD /* Tests */ = {
			isa = PBXGroup;
			children = (
				41F8577B288514FA76444FAB /* TimeFormatterTests.swift */,
			);
			path = Tests;
			sourceTree = "<group>";
		};
		2491C60A585D4F22B81EA54A /* Design */ = {
			isa = PBXGroup;
			children = (
				1E9FD5C5FD076F6AAC0C0D73 /* AureliaStyle.swift */,
			);
			path = Design;
			sourceTree = "<group>";
		};
		606BA995BDCF62AD5813C383 /* Services */ = {
			isa = PBXGroup;
			children = (
				07E1FFD2BA5CE2D865761195 /* AuthInterceptor.swift */,
				50D9581E81DB3E5E80925538 /* ImageCache.swift */,
				1CFF89724E38DCA540C00DBA /* SessionStore.swift */,
				06B14BF9D926F497EA5E5EA1 /* TimeFormatter.swift */,
			);
			path = Services;
			sourceTree = "<group>";
		};
		63732C831D8300F1C0F8EDF8 /* Products */ = {
			isa = PBXGroup;
			children = (
				630A4EC5769797813D99A64C /* AureliaMac.app */,
				83680885E12ACB2E1BC9DCD4 /* AureliaMacTests.xctest */,
			);
			name = Products;
			sourceTree = "<group>";
		};
		6398EDDC07FBCCB6D207A6C1 /* Components */ = {
			isa = PBXGroup;
			children = (
				C70BDC28E968381C6570BB51 /* AlbumArtView.swift */,
				BB3F2266E861D4081644D69B /* CachedImageView.swift */,
				2EDB76B1F92BD192FAB61FF7 /* FeaturedHeroView.swift */,
				53740B0006B97C545F6C8DA1 /* MiniPlayerView.swift */,
				755697352AE1BB0A81AB4627 /* SongRow.swift */,
			);
			path = Components;
			sourceTree = "<group>";
		};
		67406D26DC8FA4B69F993A7F /* Packages */ = {
			isa = PBXGroup;
			children = (
				7B62F657246C5A736D02C55D /* AureliaCore */,
			);
			name = Packages;
			sourceTree = "<group>";
		};
		9332C3ED04244F37C707567C /* Player */ = {
			isa = PBXGroup;
			children = (
				7FFC9C0E47F23FEF2E8A07E8 /* AudioPlayerController.swift */,
			);
			path = Player;
			sourceTree = "<group>";
		};
		95FF936AB39458AD957B0E46 /* ViewModels */ = {
			isa = PBXGroup;
			children = (
				4F55CBAD92A501C80EEB2FC4 /* AppViewModel.swift */,
				A05986F9569279625061860F /* HomeViewModel.swift */,
				DA6904B349619346DE995032 /* LibraryViewModel.swift */,
				BCDEF05B547D73FE06419975 /* LoginViewModel.swift */,
				47DC5D348F02C3E504745A9E /* PlaylistViewModel.swift */,
				603A839B006503BFDCFAA4CE /* SettingsViewModel.swift */,
			);
			path = ViewModels;
			sourceTree = "<group>";
		};
		B569783269F915B88D0B9A69 /* Views */ = {
			isa = PBXGroup;
			children = (
				ECA7DB03C31F83F2B6BAB07B /* AlbumDetailView.swift */,
				233FE0102F32633AFA9C83F4 /* AlbumsView.swift */,
				01B263C0B06751EC45322FE5 /* ArtistDetailView.swift */,
				D4018B3AF32697CC5BCC404F /* ArtistsView.swift */,
				385A3975D7ED997609763FCE /* HomeView.swift */,
				E23EC8415B644B001F2FCD88 /* LibraryView.swift */,
				24A9F7E2559B7CC21F82A17E /* LoginView.swift */,
				7A4B3C910D6D160CE7CA9E1F /* MainNavigation.swift */,
				FFB426A4520EE9238A92CA4F /* MainView.swift */,
				3A1B4E9F7F3D6C68F604CD68 /* PlaylistDetailView.swift */,
				79373D54BD9301D354FEC34F /* PlaylistsView.swift */,
				A919FEB6B1450B58AF92027E /* SearchView.swift */,
				DCA5CE2D194A39A520A080DF /* SettingsView.swift */,
			);
			path = Views;
			sourceTree = "<group>";
		};
		B67606FE1FB4974E15455E44 /* Models */ = {
			isa = PBXGroup;
			children = (
				E1322AD9804BEAF8ED518782 /* AppModels.swift */,
			);
			path = Models;
			sourceTree = "<group>";
		};
		D18853A95FA627AC8FEEB626 /* AureliaMac */ = {
			isa = PBXGroup;
			children = (
				419653442CCA2D9DEFA34A83 /* AureliaMacApp.swift */,
				7F4C6BB547B21D88F921F80B /* Info.plist */,
				6398EDDC07FBCCB6D207A6C1 /* Components */,
				2491C60A585D4F22B81EA54A /* Design */,
				B67606FE1FB4974E15455E44 /* Models */,
				9332C3ED04244F37C707567C /* Player */,
				606BA995BDCF62AD5813C383 /* Services */,
				95FF936AB39458AD957B0E46 /* ViewModels */,
				B569783269F915B88D0B9A69 /* Views */,
			);
			path = AureliaMac;
			sourceTree = "<group>";
		};
		FF6BC38D5F0413DBD11DE40C = {
			isa = PBXGroup;
			children = (
				D18853A95FA627AC8FEEB626 /* AureliaMac */,
				67406D26DC8FA4B69F993A7F /* Packages */,
				051BA9CD46099B2BF68610AD /* Tests */,
				63732C831D8300F1C0F8EDF8 /* Products */,
			);
			sourceTree = "<group>";
		};
/* End PBXGroup section */

/* Begin PBXNativeTarget section */
		947DC86C486CBE5C462E8A85 /* AureliaMacTests */ = {
			isa = PBXNativeTarget;
			buildConfigurationList = 46FE8FA345B66B7DDD736CEA /* Build configuration list for PBXNativeTarget "AureliaMacTests" */;
			buildPhases = (
				2DC7AE02DB0FDCBC921EB2DB /* Sources */,
			);
			buildRules = (
			);
			dependencies = (
				64CF0CE62DC6C6A9D432E16C /* PBXTargetDependency */,
			);
			name = AureliaMacTests;
			packageProductDependencies = (
			);
			productName = AureliaMacTests;
			productReference = 83680885E12ACB2E1BC9DCD4 /* AureliaMacTests.xctest */;
			productType = "com.apple.product-type.bundle.unit-test";
		};
		BBF3F6745FE9CC82094C1783 /* AureliaMac */ = {
			isa = PBXNativeTarget;
			buildConfigurationList = A8DB6511F22DB0ADE454E3BA /* Build configuration list for PBXNativeTarget "AureliaMac" */;
			buildPhases = (
				6CF17A58776EF8F0B9149DED /* Sources */,
				F44CC9146A25F4F5E85E55B8 /* Frameworks */,
			);
			buildRules = (
			);
			dependencies = (
			);
			name = AureliaMac;
			packageProductDependencies = (
				B87ADF1FA423E8FB1A04D4A3 /* AureliaCore */,
			);
			productName = AureliaMac;
			productReference = 630A4EC5769797813D99A64C /* AureliaMac.app */;
			productType = "com.apple.product-type.application";
		};
/* End PBXNativeTarget section */

/* Begin PBXProject section */
		1BCC71870D314F8008A35EDA /* Project object */ = {
			isa = PBXProject;
			attributes = {
				BuildIndependentTargetsInParallel = YES;
				LastUpgradeCheck = 1430;
				TargetAttributes = {
					BBF3F6745FE9CC82094C1783 = {
						ProvisioningStyle = Automatic;
					};
				};
			};
			buildConfigurationList = 6C83E617232A0582B5009EBC /* Build configuration list for PBXProject "AureliaMac" */;
			compatibilityVersion = "Xcode 14.0";
			developmentRegion = en;
			hasScannedForEncodings = 0;
			knownRegions = (
				Base,
				en,
			);
			mainGroup = FF6BC38D5F0413DBD11DE40C;
			minimizedProjectReferenceProxies = 1;
			packageReferences = (
				BFC388969AE5C326CBD79B69 /* XCLocalSwiftPackageReference "../../mobile/ios/AureliaCore" */,
			);
			preferredProjectObjectVersion = 77;
			projectDirPath = "";
			projectRoot = "";
			targets = (
				BBF3F6745FE9CC82094C1783 /* AureliaMac */,
				947DC86C486CBE5C462E8A85 /* AureliaMacTests */,
			);
		};
/* End PBXProject section */

/* Begin PBXSourcesBuildPhase section */
		2DC7AE02DB0FDCBC921EB2DB /* Sources */ = {
			isa = PBXSourcesBuildPhase;
			buildActionMask = 2147483647;
			files = (
				454CD341CCEB270EE8A1D98C /* TimeFormatterTests.swift in Sources */,
			);
			runOnlyForDeploymentPostprocessing = 0;
		};
		6CF17A58776EF8F0B9149DED /* Sources */ = {
			isa = PBXSourcesBuildPhase;
			buildActionMask = 2147483647;
			files = (
				6DB443D9BD1987036B6EF958 /* AlbumArtView.swift in Sources */,
				CB34493237D4B1849BE0C338 /* AlbumDetailView.swift in Sources */,
				8D75D511227ED07ABE00CCF6 /* AlbumsView.swift in Sources */,
				4E2F053CE6CBF87138F48F41 /* AppModels.swift in Sources */,
				220680A4C40CB413E28566C6 /* AppViewModel.swift in Sources */,
				9EB03097D681FBD6C3C0B166 /* ArtistDetailView.swift in Sources */,
				5921AE698CA6EE6FB3108120 /* ArtistsView.swift in Sources */,
				334D72832568116594B791C4 /* AudioPlayerController.swift in Sources */,
				B85B5ECB557959EE50E09DE3 /* AureliaMacApp.swift in Sources */,
				4BDF061F9784252FFAFCF4C7 /* AureliaStyle.swift in Sources */,
				7A5E2EED34BDD93389F6EB42 /* AuthInterceptor.swift in Sources */,
				1DBA8078794C68FE60D34EC2 /* CachedImageView.swift in Sources */,
				256151A2119FE6A456D55203 /* FeaturedHeroView.swift in Sources */,
				2B8C3DA8BDA90EA0ED8F3644 /* HomeView.swift in Sources */,
				5BA3088294FF661069C9A9F3 /* HomeViewModel.swift in Sources */,
				58C98D935DC89ADFAB883950 /* ImageCache.swift in Sources */,
				2B0ABC2A0729091B45D1E106 /* LibraryView.swift in Sources */,
				AE82EFB97A0D29855631912F /* LibraryViewModel.swift in Sources */,
				DDEB9C013B94F7A0D3D1F160 /* LoginView.swift in Sources */,
				268B3D4276C2BAB46BC4232E /* LoginViewModel.swift in Sources */,
				39631FA7159FFE1EA0B48467 /* MainNavigation.swift in Sources */,
				850169FC385638FEFF5C3072 /* MainView.swift in Sources */,
				8E6BB609F1A18B741371A99F /* MiniPlayerView.swift in Sources */,
				643636D86EEC721BF3EA45A8 /* PlaylistDetailView.swift in Sources */,
				CAAE2089E8422420969657CA /* PlaylistViewModel.swift in Sources */,
				2C6BC3708A65B5ECB54CACE0 /* PlaylistsView.swift in Sources */,
				B94427E47BB09FE5B87966D1 /* SearchView.swift in Sources */,
				188A383C0C68E93A88F21186 /* SessionStore.swift in Sources */,
				252809A698AEE7FA3A427656 /* SettingsView.swift in Sources */,
				3D0CFC05715034A66052700B /* SettingsViewModel.swift in Sources */,
				8ACF22D01E7B51F3DDED1853 /* SongRow.swift in Sources */,
				6B9CD900D48344426B9B7CA4 /* TimeFormatter.swift in Sources */,
			);
			runOnlyForDeploymentPostprocessing = 0;
		};
/* End PBXSourcesBuildPhase section */

/* Begin PBXTargetDependency section */
		64CF0CE62DC6C6A9D432E16C /* PBXTargetDependency */ = {
			isa = PBXTargetDependency;
			target = BBF3F6745FE9CC82094C1783 /* AureliaMac */;
			targetProxy = DA3FF115C0BA154740F10633 /* PBXContainerItemProxy */;
		};
/* End PBXTargetDependency section */

/* Begin XCBuildConfiguration section */
		26E2709D65292EBC8E114CD3 /* Release */ = {
			isa = XCBuildConfiguration;
			buildSettings = {
				BUNDLE_LOADER = "$(TEST_HOST)";
				COMBINE_HIDPI_IMAGES = YES;
				LD_RUNPATH_SEARCH_PATHS = (
					"$(inherited)",
					"@executable_path/../Frameworks",
					"@loader_path/../Frameworks",
				);
				MACOSX_DEPLOYMENT_TARGET = 26.0;
				SDKROOT = macosx;
				TEST_HOST = "$(BUILT_PRODUCTS_DIR)/AureliaMac.app/Contents/MacOS/AureliaMac";
			};
			name = Release;
		};
		2C261C6861698FE8CE34DE6D /* Debug */ = {
			isa = XCBuildConfiguration;
			buildSettings = {
				BUNDLE_LOADER = "$(TEST_HOST)";
				COMBINE_HIDPI_IMAGES = YES;
				LD_RUNPATH_SEARCH_PATHS = (
					"$(inherited)",
					"@executable_path/../Frameworks",
					"@loader_path/../Frameworks",
				);
				MACOSX_DEPLOYMENT_TARGET = 26.0;
				SDKROOT = macosx;
				TEST_HOST = "$(BUILT_PRODUCTS_DIR)/AureliaMac.app/Contents/MacOS/AureliaMac";
			};
			name = Debug;
		};
		3425611DF34DF650953F92A1 /* Release */ = {
			isa = XCBuildConfiguration;
			buildSettings = {
				ALWAYS_SEARCH_USER_PATHS = NO;
				CLANG_ANALYZER_NONNULL = YES;
				CLANG_ANALYZER_NUMBER_OBJECT_CONVERSION = YES_AGGRESSIVE;
				CLANG_CXX_LANGUAGE_STANDARD = "gnu++14";
				CLANG_CXX_LIBRARY = "libc++";
				CLANG_ENABLE_MODULES = YES;
				CLANG_ENABLE_OBJC_ARC = YES;
				CLANG_ENABLE_OBJC_WEAK = YES;
				CLANG_WARN_BLOCK_CAPTURE_AUTORELEASING = YES;
				CLANG_WARN_BOOL_CONVERSION = YES;
				CLANG_WARN_COMMA = YES;
				CLANG_WARN_CONSTANT_CONVERSION = YES;
				CLANG_WARN_DEPRECATED_OBJC_IMPLEMENTATIONS = YES;
				CLANG_WARN_DIRECT_OBJC_ISA_USAGE = YES_ERROR;
				CLANG_WARN_DOCUMENTATION_COMMENTS = YES;
				CLANG_WARN_EMPTY_BODY = YES;
				CLANG_WARN_ENUM_CONVERSION = YES;
				CLANG_WARN_INFINITE_RECURSION = YES;
				CLANG_WARN_INT_CONVERSION = YES;
				CLANG_WARN_NON_LITERAL_NULL_CONVERSION = YES;
				CLANG_WARN_OBJC_IMPLICIT_RETAIN_SELF = YES;
				CLANG_WARN_OBJC_LITERAL_CONVERSION = YES;
				CLANG_WARN_OBJC_ROOT_CLASS = YES_ERROR;
				CLANG_WARN_QUOTED_INCLUDE_IN_FRAMEWORK_HEADER = YES;
				CLANG_WARN_RANGE_LOOP_ANALYSIS = YES;
				CLANG_WARN_STRICT_PROTOTYPES = YES;
				CLANG_WARN_SUSPICIOUS_MOVE = YES;
				CLANG_WARN_UNGUARDED_AVAILABILITY = YES_AGGRESSIVE;
				CLANG_WARN_UNREACHABLE_CODE = YES;
				CLANG_WARN__DUPLICATE_METHOD_MATCH = YES;
				COPY_PHASE_STRIP = NO;
				DEBUG_INFORMATION_FORMAT = "dwarf-with-dsym";
				ENABLE_NS_ASSERTIONS = NO;
				ENABLE_STRICT_OBJC_MSGSEND = YES;
				GCC_C_LANGUAGE_STANDARD = gnu11;
				GCC_NO_COMMON_BLOCKS = YES;
				GCC_WARN_64_TO_32_BIT_CONVERSION = YES;
				GCC_WARN_ABOUT_RETURN_TYPE = YES_ERROR;
				GCC_WARN_UNDECLARED_SELECTOR = YES;
				GCC_WARN_UNINITIALIZED_AUTOS = YES_AGGRESSIVE;
				GCC_WARN_UNUSED_FUNCTION = YES;
				GCC_WARN_UNUSED_VARIABLE = YES;
				MACOSX_DEPLOYMENT_TARGET = 26.0;
				MTL_ENABLE_DEBUG_INFO = NO;
				MTL_FAST_MATH = YES;
				PRODUCT_NAME = "$(TARGET_NAME)";
				SDKROOT = macosx;
				SWIFT_COMPILATION_MODE = wholemodule;
				SWIFT_OPTIMIZATION_LEVEL = "-O";
				SWIFT_VERSION = 5.0;
			};
			name = Release;
		};
		362481086178E32F63913A53 /* Release */ = {
			isa = XCBuildConfiguration;
			buildSettings = {
				ASSETCATALOG_COMPILER_APPICON_NAME = AppIcon;
				CODE_SIGN_STYLE = Automatic;
				COMBINE_HIDPI_IMAGES = YES;
				CURRENT_PROJECT_VERSION = 1;
				GENERATE_INFOPLIST_FILE = NO;
				INFOPLIST_FILE = AureliaMac/Info.plist;
				LD_RUNPATH_SEARCH_PATHS = (
					"$(inherited)",
					"@executable_path/../Frameworks",
				);
				MACOSX_DEPLOYMENT_TARGET = 26.0;
				MARKETING_VERSION = 0.1.0;
				PRODUCT_BUNDLE_IDENTIFIER = com.aurelia.macos;
				PRODUCT_NAME = Aurelia;
				SDKROOT = macosx;
				SWIFT_VERSION = 6.0;
			};
			name = Release;
		};
		667133D2E0F045324E9B4B3D /* Debug */ = {
			isa = XCBuildConfiguration;
			buildSettings = {
				ALWAYS_SEARCH_USER_PATHS = NO;
				CLANG_ANALYZER_NONNULL = YES;
				CLANG_ANALYZER_NUMBER_OBJECT_CONVERSION = YES_AGGRESSIVE;
				CLANG_CXX_LANGUAGE_STANDARD = "gnu++14";
				CLANG_CXX_LIBRARY = "libc++";
				CLANG_ENABLE_MODULES = YES;
				CLANG_ENABLE_OBJC_ARC = YES;
				CLANG_ENABLE_OBJC_WEAK = YES;
				CLANG_WARN_BLOCK_CAPTURE_AUTORELEASING = YES;
				CLANG_WARN_BOOL_CONVERSION = YES;
				CLANG_WARN_COMMA = YES;
				CLANG_WARN_CONSTANT_CONVERSION = YES;
				CLANG_WARN_DEPRECATED_OBJC_IMPLEMENTATIONS = YES;
				CLANG_WARN_DIRECT_OBJC_ISA_USAGE = YES_ERROR;
				CLANG_WARN_DOCUMENTATION_COMMENTS = YES;
				CLANG_WARN_EMPTY_BODY = YES;
				CLANG_WARN_ENUM_CONVERSION = YES;
				CLANG_WARN_INFINITE_RECURSION = YES;
				CLANG_WARN_INT_CONVERSION = YES;
				CLANG_WARN_NON_LITERAL_NULL_CONVERSION = YES;
				CLANG_WARN_OBJC_IMPLICIT_RETAIN_SELF = YES;
				CLANG_WARN_OBJC_LITERAL_CONVERSION = YES;
				CLANG_WARN_OBJC_ROOT_CLASS = YES_ERROR;
				CLANG_WARN_QUOTED_INCLUDE_IN_FRAMEWORK_HEADER = YES;
				CLANG_WARN_RANGE_LOOP_ANALYSIS = YES;
				CLANG_WARN_STRICT_PROTOTYPES = YES;
				CLANG_WARN_SUSPICIOUS_MOVE = YES;
				CLANG_WARN_UNGUARDED_AVAILABILITY = YES_AGGRESSIVE;
				CLANG_WARN_UNREACHABLE_CODE = YES;
				CLANG_WARN__DUPLICATE_METHOD_MATCH = YES;
				COPY_PHASE_STRIP = NO;
				DEBUG_INFORMATION_FORMAT = dwarf;
				ENABLE_STRICT_OBJC_MSGSEND = YES;
				ENABLE_TESTABILITY = YES;
				GCC_C_LANGUAGE_STANDARD = gnu11;
				GCC_DYNAMIC_NO_PIC = NO;
				GCC_NO_COMMON_BLOCKS = YES;
				GCC_OPTIMIZATION_LEVEL = 0;
				GCC_PREPROCESSOR_DEFINITIONS = (
					"$(inherited)",
					"DEBUG=1",
				);
				GCC_WARN_64_TO_32_BIT_CONVERSION = YES;
				GCC_WARN_ABOUT_RETURN_TYPE = YES_ERROR;
				GCC_WARN_UNDECLARED_SELECTOR = YES;
				GCC_WARN_UNINITIALIZED_AUTOS = YES_AGGRESSIVE;
				GCC_WARN_UNUSED_FUNCTION = YES;
				GCC_WARN_UNUSED_VARIABLE = YES;
				MACOSX_DEPLOYMENT_TARGET = 26.0;
				MTL_ENABLE_DEBUG_INFO = INCLUDE_SOURCE;
				MTL_FAST_MATH = YES;
				ONLY_ACTIVE_ARCH = YES;
				PRODUCT_NAME = "$(TARGET_NAME)";
				SDKROOT = macosx;
				SWIFT_ACTIVE_COMPILATION_CONDITIONS = DEBUG;
				SWIFT_OPTIMIZATION_LEVEL = "-Onone";
				SWIFT_VERSION = 5.0;
			};
			name = Debug;
		};
		963C43AF4D93811052E7407E /* Debug */ = {
			isa = XCBuildConfiguration;
			buildSettings = {
				ASSETCATALOG_COMPILER_APPICON_NAME = AppIcon;
				CODE_SIGN_STYLE = Automatic;
				COMBINE_HIDPI_IMAGES = YES;
				CURRENT_PROJECT_VERSION = 1;
				GENERATE_INFOPLIST_FILE = NO;
				INFOPLIST_FILE = AureliaMac/Info.plist;
				LD_RUNPATH_SEARCH_PATHS = (
					"$(inherited)",
					"@executable_path/../Frameworks",
				);
				MACOSX_DEPLOYMENT_TARGET = 26.0;
				MARKETING_VERSION = 0.1.0;
				PRODUCT_BUNDLE_IDENTIFIER = com.aurelia.macos;
				PRODUCT_NAME = Aurelia;
				SDKROOT = macosx;
				SWIFT_VERSION = 6.0;
			};
			name = Debug;
		};
/* End XCBuildConfiguration section */

/* Begin XCConfigurationList section */
		46FE8FA345B66B7DDD736CEA /* Build configuration list for PBXNativeTarget "AureliaMacTests" */ = {
			isa = XCConfigurationList;
			buildConfigurations = (
				2C261C6861698FE8CE34DE6D /* Debug */,
				26E2709D65292EBC8E114CD3 /* Release */,
			);
			defaultConfigurationIsVisible = 0;
			defaultConfigurationName = Debug;
		};
		6C83E617232A0582B5009EBC /* Build configuration list for PBXProject "AureliaMac" */ = {
			isa = XCConfigurationList;
			buildConfigurations = (
				667133D2E0F045324E9B4B3D /* Debug */,
				3425611DF34DF650953F92A1 /* Release */,
			);
			defaultConfigurationIsVisible = 0;
			defaultConfigurationName = Debug;
		};
		A8DB6511F22DB0ADE454E3BA /* Build configuration list for PBXNativeTarget "AureliaMac" */ = {
			isa = XCConfigurationList;
			buildConfigurations = (
				963C43AF4D93811052E7407E /* Debug */,
				362481086178E32F63913A53 /* Release */,
			);
			defaultConfigurationIsVisible = 0;
			defaultConfigurationName = Debug;
		};
/* End XCConfigurationList section */

/* Begin XCLocalSwiftPackageReference section */
		BFC388969AE5C326CBD79B69 /* XCLocalSwiftPackageReference "../../mobile/ios/AureliaCore" */ = {
			isa = XCLocalSwiftPackageReference;
			relativePath = ../../mobile/ios/AureliaCore;
		};
/* End XCLocalSwiftPackageReference section */

/* Begin XCSwiftPackageProductDependency section */
		B87ADF1FA423E8FB1A04D4A3 /* AureliaCore */ = {
			isa = XCSwiftPackageProductDependency;
			productName = AureliaCore;
		};
/* End XCSwiftPackageProductDependency section */
	};
	rootObject = 1BCC71870D314F8008A35EDA /* Project object */;
}
